
Microsoft Visual Studio Solution File, Format Version 12.00
# Visual Studio 15
VisualStudioVersion = 15.0.34112.143
MinimumVisualStudioVersion = 10.0.40219.1
Project("{FAE04EC0-301F-11D3-BF4B-00C04F79EFBC}") = "WACertifivados", "WACertifivados\WACertifivados.csproj", "{398782F8-1704-4902-979B-FB030085F445}"
	ProjectSection(ProjectDependencies) = postProject
		{370C9A71-3268-479D-857E-6B17196B3727} = {370C9A71-3268-479D-857E-6B17196B3727}
	EndProjectSection
EndProject
Project("{FAE04EC0-301F-11D3-BF4B-00C04F79EFBC}") = "SWLNPdfFirma", "SWLNPdfFirma\SWLNPdfFirma.csproj", "{370C9A71-3268-479D-857E-6B17196B3727}"
EndProject
Global
	GlobalSection(SolutionConfigurationPlatforms) = preSolution
		Debug|Any CPU = Debug|Any CPU
		Release|Any CPU = Release|Any CPU
	EndGlobalSection
	GlobalSection(ProjectConfigurationPlatforms) = postSolution
		{398782F8-1704-4902-979B-FB030085F445}.Debug|Any CPU.ActiveCfg = Debug|Any CPU
		{398782F8-1704-4902-979B-FB030085F445}.Debug|Any CPU.Build.0 = Debug|Any CPU
		{398782F8-1704-4902-979B-FB030085F445}.Release|Any CPU.ActiveCfg = Release|Any CPU
		{398782F8-1704-4902-979B-FB030085F445}.Release|Any CPU.Build.0 = Release|Any CPU
		{370C9A71-3268-479D-857E-6B17196B3727}.Debug|Any CPU.ActiveCfg = Debug|Any CPU
		{370C9A71-3268-479D-857E-6B17196B3727}.Debug|Any CPU.Build.0 = Debug|Any CPU
		{370C9A71-3268-479D-857E-6B17196B3727}.Release|Any CPU.ActiveCfg = Release|Any CPU
		{370C9A71-3268-479D-857E-6B17196B3727}.Release|Any CPU.Build.0 = Release|Any CPU
	EndGlobalSection
	GlobalSection(SolutionProperties) = preSolution
		HideSolutionNode = FALSE
	EndGlobalSection
	GlobalSection(ExtensibilityGlobals) = postSolution
		SolutionGuid = {FDF097A0-A95A-4554-BB00-8834646ED378}
	EndGlobalSection
EndGlobal
